Microsoft Visual Studio Solution File, Format Version 11.00
# Visual Studio 2008

Project("{B95D8C77-061C-0BB2-35C7-04D98010A6F9}") = "MerveOnur", "Assembly-CSharp.csproj", "{C1E9B36B-B562-3A6A-666E-09F6643EBF80}"
EndProject
Global
	GlobalSection(SolutionConfigurationPlatforms) = preSolution
		Debug|Any CPU = Debug|Any CPU
		Release|Any CPU = Release|Any CPU
	EndGlobalSection
	GlobalSection(ProjectConfigurationPlatforms) = postSolution
		{C1E9B36B-B562-3A6A-666E-09F6643EBF80}.Debug|Any CPU.ActiveCfg = Debug|Any CPU
		{C1E9B36B-B562-3A6A-666E-09F6643EBF80}.Debug|Any CPU.Build.0 = Debug|Any CPU
		{C1E9B36B-B562-3A6A-666E-09F6643EBF80}.Release|Any CPU.ActiveCfg = Release|Any CPU
		{C1E9B36B-B562-3A6A-666E-09F6643EBF80}.Release|Any CPU.Build.0 = Release|Any CPU
	EndGlobalSection
	GlobalSection(SolutionProperties) = preSolution
		HideSolutionNode = FALSE
	EndGlobalSection
	GlobalSection(MonoDevelopProperties) = preSolution
		StartupItem = Assembly-CSharp.csproj
	EndGlobalSection
EndGlobal
